<?xml version="1.0" encoding="utf-8"?>
<Project ToolsVersion="4.0" xmlns="http://schemas.microsoft.com/developer/msbuild/2003">
  <ItemGroup>
    <Filter Include="Source Files">
      <UniqueIdentifier>{4FC737F1-C7A5-4376-A066-2A32D752A2FF}</UniqueIdentifier>
      <Extensions>cpp;c;cc;cxx;def;odl;idl;hpj;bat;asm;asmx</Extensions>
    </Filter>
    <Filter Include="Header Files">
      <UniqueIdentifier>{93995380-89BD-4b04-88EB-625FBE52EBFB}</UniqueIdentifier>
      <Extensions>h;hh;hpp;hxx;hm;inl;inc;xsd</Extensions>
    </Filter>
    <Filter Include="Header Files\Application">
      <UniqueIdentifier>{93347bc1-7fc4-43bd-9c19-e17c8f22755e}</UniqueIdentifier>
    </Filter>
    <Filter Include="Header Files\Window">
      <UniqueIdentifier>{321dbce6-1796-44ab-acff-a6a33f092876}</UniqueIdentifier>
    </Filter>
    <Filter Include="Source Files\Application">
      <UniqueIdentifier>{3e1a92fb-7f93-4e30-a5f1-065882a6acd9}</UniqueIdentifier>
    </Filter>
    <Filter Include="Source Files\Window">
      <UniqueIdentifier>{4b5224af-9f68-4a04-a4df-0579ee59fc26}</UniqueIdentifier>
    </Filter>
    <Filter Include="Header Files\GFX">
      <UniqueIdentifier>{7540aa76-652b-4651-8d1d-6bd026642b15}</UniqueIdentifier>
    </Filter>
    <Filter Include="Source Files\GFX">
      <UniqueIdentifier>{fbd47143-2639-4533-8818-7e3f1c778515}</UniqueIdentifier>
    </Filter>
    <Filter Include="Header Files\GFX\D2D">
      <UniqueIdentifier>{0a8232a4-f2f4-49ae-82f8-9ea12b981856}</UniqueIdentifier>
    </Filter>
    <Filter Include="Header Files\GFX\D3D">
      <UniqueIdentifier>{cd8ebd26-f21f-47ba-894f-b975f6ebb51f}</UniqueIdentifier>
    </Filter>
    <Filter Include="Header Files\GFX\DXGI">
      <UniqueIdentifier>{f3e24399-9c17-4a52-9940-a14956765649}</UniqueIdentifier>
    </Filter>
    <Filter Include="Source Files\Assembly">
      <UniqueIdentifier>{f83440e0-edd2-435e-8ff9-4662be79a233}</UniqueIdentifier>
    </Filter>
    <Filter Include="Source Files\GFX\D3D">
      <UniqueIdentifier>{b03bdecf-e07c-43cb-ae20-1f372f409cf7}</UniqueIdentifier>
    </Filter>
    <Filter Include="Source Files\GFX\D2D">
      <UniqueIdentifier>{67b46b5b-7cd2-4238-8ad4-764bda63fc3c}</UniqueIdentifier>
    </Filter>
    <Filter Include="Source Files\GFX\DXGI">
      <UniqueIdentifier>{12f4b0f2-854d-4cfd-ae62-eb017478e2eb}</UniqueIdentifier>
    </Filter>
    <Filter Include="Resource Files">
      <UniqueIdentifier>{2fab8795-b28f-47a9-967b-45192e941ba0}</UniqueIdentifier>
    </Filter>
  </ItemGroup>
  <ItemGroup>
    <ClInclude Include="Headers\Application\Application.h">
      <Filter>Header Files\Application</Filter>
    </ClInclude>
    <ClInclude Include="Headers\Window\WndProcThunk.h">
      <Filter>Header Files\Window</Filter>
    </ClInclude>
    <ClInclude Include="Headers\Window\Window.h">
      <Filter>Header Files\Window</Filter>
    </ClInclude>
    <ClInclude Include="Headers\WUIF_Error.h">
      <Filter>Header Files</Filter>
    </ClInclude>
    <ClInclude Include="Headers\Bitfield.h">
      <Filter>Header Files</Filter>
    </ClInclude>
    <ClInclude Include="Headers\WUIF_Main.h">
      <Filter>Header Files</Filter>
    </ClInclude>
    <ClInclude Include="Headers\stdafx.h">
      <Filter>Header Files</Filter>
    </ClInclude>
    <ClInclude Include="Headers\Window\WindowProperties.h">
      <Filter>Header Files\Window</Filter>
    </ClInclude>
    <ClInclude Include="Headers\GFX\GFX.h">
      <Filter>Header Files\GFX</Filter>
    </ClInclude>
    <ClInclude Include="Headers\GFX\DXGI\DXGI.h">
      <Filter>Header Files\GFX\DXGI</Filter>
    </ClInclude>
    <ClInclude Include="Headers\GFX\D3D\D3D11.h">
      <Filter>Header Files\GFX\D3D</Filter>
    </ClInclude>
    <ClInclude Include="Headers\GFX\D3D\D3D12.h">
      <Filter>Header Files\GFX\D3D</Filter>
    </ClInclude>
    <ClInclude Include="Headers\GFX\D2D\D2D.h">
      <Filter>Header Files\GFX\D2D</Filter>
    </ClInclude>
    <ClInclude Include="Headers\WUIF_Const.h">
      <Filter>Header Files</Filter>
    </ClInclude>
    <ClInclude Include="Resources\resource.h">
      <Filter>Resource Files</Filter>
    </ClInclude>
  </ItemGroup>
  <ItemGroup>
    <ClCompile Include="Source\Application\Application.cpp">
      <Filter>Source Files\Application</Filter>
    </ClCompile>
    <ClCompile Include="Source\Window\WndProc.cpp">
      <Filter>Source Files\Window</Filter>
    </ClCompile>
    <ClCompile Include="Source\Window\WindowProperties.cpp">
      <Filter>Source Files\Window</Filter>
    </ClCompile>
    <ClCompile Include="Source\Window\Window.cpp">
      <Filter>Source Files\Window</Filter>
    </ClCompile>
    <ClCompile Include="Source\GFX\GFX.cpp">
      <Filter>Source Files\GFX</Filter>
    </ClCompile>
    <ClCompile Include="Source\WUIF_Main.cpp">
      <Filter>Source Files</Filter>
    </ClCompile>
    <ClCompile Include="Source\stdafx.cpp">
      <Filter>Source Files</Filter>
    </ClCompile>
    <ClCompile Include="Source\GFX\D3D\D3D11.cpp">
      <Filter>Source Files\GFX\D3D</Filter>
    </ClCompile>
    <ClCompile Include="Source\GFX\D2D\D2D.cpp">
      <Filter>Source Files\GFX\D2D</Filter>
    </ClCompile>
    <ClCompile Include="Source\GFX\DXGI\DXGI.cpp">
      <Filter>Source Files\GFX\DXGI</Filter>
    </ClCompile>
    <ClCompile Include="Source\GFX\D3D\D3D12.cpp">
      <Filter>Source Files\GFX\D3D</Filter>
    </ClCompile>
  </ItemGroup>
  <ItemGroup>
    <MASM Include="Source\Assembly\changeconstx64.asm">
      <Filter>Source Files\Assembly</Filter>
    </MASM>
    <MASM Include="Source\Assembly\changeconst.asm">
      <Filter>Source Files\Assembly</Filter>
    </MASM>
  </ItemGroup>
  <ItemGroup>
    <ResourceCompile Include="Resources\WUIF.rc">
      <Filter>Resource Files</Filter>
    </ResourceCompile>
  </ItemGroup>
</Project>